{
  "name": "compute-js",
  "version": "1.1.0",
  "lockfileVersion": 2,
  "requires": true,
  "packages": {
    "": {
      "version": "1.1.0",
      "license": "ISC",
      "dependencies": {
        "@assemblyscript/loader": "^0.17.2",
        "wabt": "1.0.20-nightly.20201112"
      },
      "devDependencies": {
        "assemblyscript": "^0.17.2"
      }
    },
    "node_modules/@assemblyscript/loader": {
      "version": "0.17.2",
      "resolved": "https://registry.npmjs.org/@assemblyscript/loader/-/loader-0.17.2.tgz",
      "integrity": "sha512-8pLMRIMqPVxOnlyqjflNRuvoHShYNDCeUI3VXN6dr+c3lD4W5lwQnRdJviku8U4opv7CSDfIDZ99uRTwqcBIIA=="
    },
    "node_modules/assemblyscript": {
      "version": "0.17.2",
      "resolved": "https://registry.npmjs.org/assemblyscript/-/assemblyscript-0.17.2.tgz",
      "integrity": "sha512-QpHROlgiNLdqTrJCnPAwU61uStFCJ7PSW2IDYkiRbWlcHG9lNUaw/SwivCAQCEh+3GjSqZH8Q1mehSmhNDtFtA==",
      "dev": true,
      "dependencies": {
        "binaryen": "98.0.0-nightly.20201109",
        "long": "^4.0.0"
      },
      "bin": {
        "asc": "bin/asc",
        "asinit": "bin/asinit"
      },
      "funding": {
        "type": "opencollective",
        "url": "https://opencollective.com/assemblyscript"
      }
    },
    "node_modules/binaryen": {
      "version": "98.0.0-nightly.20201109",
      "resolved": "https://registry.npmjs.org/binaryen/-/binaryen-98.0.0-nightly.20201109.tgz",
      "integrity": "sha512-iRarAqdH5lMWlMBzrDuJgLYJR2g4QXk93iYE2zpr6gEZkb/jCgDpPUXdhuN11Ge1zZ/6By4DwA1mmifcx7FWaw==",
      "dev": true,
      "bin": {
        "wasm-opt": "bin/wasm-opt"
      }
    },
    "node_modules/long": {
      "version": "4.0.0",
      "resolved": "https://registry.npmjs.org/long/-/long-4.0.0.tgz",
      "integrity": "sha512-XsP+KhQif4bjX1kbuSiySJFNAehNxgLb6hPRGJ9QsUr8ajHkuXGdrHmFUTUUXhDwVX2R5bY4JNZEwbUiMhV+MA==",
      "dev": true
    },
    "node_modules/wabt": {
      "version": "1.0.20-nightly.20201112",
      "resolved": "https://registry.npmjs.org/wabt/-/wabt-1.0.20-nightly.20201112.tgz",
      "integrity": "sha512-iiVF/6aqdQvoc8JVe5CB6m2nk3PlPtYn6Bji6I13ttwjcTn8LAu6SBQli9Q5f5mXnbZXXeWqTp7dQdgnaaBKVQ==",
      "bin": {
        "wasm-decompile": "bin/wasm-decompile",
        "wasm-interp": "bin/wasm-interp",
        "wasm-objdump": "bin/wasm-objdump",
        "wasm-opcodecnt": "bin/wasm-opcodecnt",
        "wasm-strip": "bin/wasm-strip",
        "wasm-validate": "bin/wasm-validate",
        "wasm2c": "bin/wasm2c",
        "wasm2wat": "bin/wasm2wat",
        "wat2wasm": "bin/wat2wasm"
      }
    }
  },
  "dependencies": {
    "@assemblyscript/loader": {
      "version": "0.17.2",
      "resolved": "https://registry.npmjs.org/@assemblyscript/loader/-/loader-0.17.2.tgz",
      "integrity": "sha512-8pLMRIMqPVxOnlyqjflNRuvoHShYNDCeUI3VXN6dr+c3lD4W5lwQnRdJviku8U4opv7CSDfIDZ99uRTwqcBIIA=="
    },
    "assemblyscript": {
      "version": "0.17.2",
      "resolved": "https://registry.npmjs.org/assemblyscript/-/assemblyscript-0.17.2.tgz",
      "integrity": "sha512-QpHROlgiNLdqTrJCnPAwU61uStFCJ7PSW2IDYkiRbWlcHG9lNUaw/SwivCAQCEh+3GjSqZH8Q1mehSmhNDtFtA==",
      "dev": true,
      "requires": {
        "binaryen": "98.0.0-nightly.20201109",
        "long": "^4.0.0"
      }
    },
    "binaryen": {
      "version": "98.0.0-nightly.20201109",
      "resolved": "https://registry.npmjs.org/binaryen/-/binaryen-98.0.0-nightly.20201109.tgz",
      "integrity": "sha512-iRarAqdH5lMWlMBzrDuJgLYJR2g4QXk93iYE2zpr6gEZkb/jCgDpPUXdhuN11Ge1zZ/6By4DwA1mmifcx7FWaw==",
      "dev": true
    },
    "long": {
      "version": "4.0.0",
      "resolved": "https://registry.npmjs.org/long/-/long-4.0.0.tgz",
      "integrity": "sha512-XsP+KhQif4bjX1kbuSiySJFNAehNxgLb6hPRGJ9QsUr8ajHkuXGdrHmFUTUUXhDwVX2R5bY4JNZEwbUiMhV+MA==",
      "dev": true
    },
    "wabt": {
      "version": "1.0.20-nightly.20201112",
      "resolved": "https://registry.npmjs.org/wabt/-/wabt-1.0.20-nightly.20201112.tgz",
      "integrity": "sha512-iiVF/6aqdQvoc8JVe5CB6m2nk3PlPtYn6Bji6I13ttwjcTn8LAu6SBQli9Q5f5mXnbZXXeWqTp7dQdgnaaBKVQ=="
    }
  }
}
